
Microsoft Visual Studio Solution File, Format Version 12.00
# Visual Studio 15
VisualStudioVersion = 15.0.27428.2043
MinimumVisualStudioVersion = 10.0.40219.1
Project("{FAE04EC0-301F-11D3-BF4B-00C04F79EFBC}") = "Vietlott.Api", "Vietlott.Api\Vietlott.Api.csproj", "{822CD29E-9469-4A9B-9303-DB02852C6B68}"
EndProject
Global
	GlobalSection(SolutionConfigurationPlatforms) = preSolution
		Debug|Any CPU = Debug|Any CPU
		Release|Any CPU = Release|Any CPU
	EndGlobalSection
	GlobalSection(ProjectConfigurationPlatforms) = postSolution
		{822CD29E-9469-4A9B-9303-DB02852C6B68}.Debug|Any CPU.ActiveCfg = Debug|Any CPU
		{822CD29E-9469-4A9B-9303-DB02852C6B68}.Debug|Any CPU.Build.0 = Debug|Any CPU
		{822CD29E-9469-4A9B-9303-DB02852C6B68}.Release|Any CPU.ActiveCfg = Release|Any CPU
		{822CD29E-9469-4A9B-9303-DB02852C6B68}.Release|Any CPU.Build.0 = Release|Any CPU
	EndGlobalSection
	GlobalSection(SolutionProperties) = preSolution
		HideSolutionNode = FALSE
	EndGlobalSection
	GlobalSection(ExtensibilityGlobals) = postSolution
		SolutionGuid = {F935C2B8-FE47-4C81-9BDF-188A6DE21F37}
	EndGlobalSection
EndGlobal
