
Microsoft Visual Studio Solution File, Format Version 12.00
# Visual Studio 15
VisualStudioVersion = 15.0.27428.2043
MinimumVisualStudioVersion = 10.0.40219.1
Project("{FAE04EC0-301F-11D3-BF4B-00C04F79EFBC}") = "Vietlott.Core", "Vietlott.Core\Vietlott.Core.csproj", "{36606D5F-E1E8-4EAA-A00D-EC0B99B58260}"
EndProject
Global
	GlobalSection(SolutionConfigurationPlatforms) = preSolution
		Debug|Any CPU = Debug|Any CPU
		Release|Any CPU = Release|Any CPU
	EndGlobalSection
	GlobalSection(ProjectConfigurationPlatforms) = postSolution
		{36606D5F-E1E8-4EAA-A00D-EC0B99B58260}.Debug|Any CPU.ActiveCfg = Debug|Any CPU
		{36606D5F-E1E8-4EAA-A00D-EC0B99B58260}.Debug|Any CPU.Build.0 = Debug|Any CPU
		{36606D5F-E1E8-4EAA-A00D-EC0B99B58260}.Release|Any CPU.ActiveCfg = Release|Any CPU
		{36606D5F-E1E8-4EAA-A00D-EC0B99B58260}.Release|Any CPU.Build.0 = Release|Any CPU
	EndGlobalSection
	GlobalSection(SolutionProperties) = preSolution
		HideSolutionNode = FALSE
	EndGlobalSection
	GlobalSection(ExtensibilityGlobals) = postSolution
		SolutionGuid = {FB9A791A-70DC-43EB-A826-0C49C326FAD3}
	EndGlobalSection
EndGlobal
